
Microsoft Visual Studio Solution File, Format Version 12.00
# Visual Studio 2013
VisualStudioVersion = 12.0.31101.0
MinimumVisualStudioVersion = 10.0.40219.1
Project("{FAE04EC0-301F-11D3-BF4B-00C04F79EFBC}") = "BadApple", "BadApple\BadApple.csproj", "{595C68F8-669B-4D2B-947D-2757FAE14212}"
EndProject
Project("{FAE04EC0-301F-11D3-BF4B-00C04F79EFBC}") = "ideviceinfo", "ideviceinfo\ideviceinfo.csproj", "{0A67D6B4-BAC6-47B5-90F2-CD26B6830356}"
EndProject
Project("{FAE04EC0-301F-11D3-BF4B-00C04F79EFBC}") = "ispringboard", "ispringboard\ispringboard.csproj", "{EE042C98-5208-4936-B993-D4D6ABE50ECB}"
EndProject
Project("{FAE04EC0-301F-11D3-BF4B-00C04F79EFBC}") = "ideviceinstaller", "ideviceinstaller\ideviceinstaller.csproj", "{86469B42-DC51-4C8C-957F-C77B957446DF}"
EndProject
Global
	GlobalSection(SolutionConfigurationPlatforms) = preSolution
		Debug|Any CPU = Debug|Any CPU
		Release|Any CPU = Release|Any CPU
	EndGlobalSection
	GlobalSection(ProjectConfigurationPlatforms) = postSolution
		{595C68F8-669B-4D2B-947D-2757FAE14212}.Debug|Any CPU.ActiveCfg = Debug|Any CPU
		{595C68F8-669B-4D2B-947D-2757FAE14212}.Debug|Any CPU.Build.0 = Debug|Any CPU
		{595C68F8-669B-4D2B-947D-2757FAE14212}.Release|Any CPU.ActiveCfg = Release|Any CPU
		{595C68F8-669B-4D2B-947D-2757FAE14212}.Release|Any CPU.Build.0 = Release|Any CPU
		{0A67D6B4-BAC6-47B5-90F2-CD26B6830356}.Debug|Any CPU.ActiveCfg = Debug|Any CPU
		{0A67D6B4-BAC6-47B5-90F2-CD26B6830356}.Debug|Any CPU.Build.0 = Debug|Any CPU
		{0A67D6B4-BAC6-47B5-90F2-CD26B6830356}.Release|Any CPU.ActiveCfg = Release|Any CPU
		{0A67D6B4-BAC6-47B5-90F2-CD26B6830356}.Release|Any CPU.Build.0 = Release|Any CPU
		{EE042C98-5208-4936-B993-D4D6ABE50ECB}.Debug|Any CPU.ActiveCfg = Debug|Any CPU
		{EE042C98-5208-4936-B993-D4D6ABE50ECB}.Debug|Any CPU.Build.0 = Debug|Any CPU
		{EE042C98-5208-4936-B993-D4D6ABE50ECB}.Release|Any CPU.ActiveCfg = Release|Any CPU
		{EE042C98-5208-4936-B993-D4D6ABE50ECB}.Release|Any CPU.Build.0 = Release|Any CPU
		{86469B42-DC51-4C8C-957F-C77B957446DF}.Debug|Any CPU.ActiveCfg = Debug|Any CPU
		{86469B42-DC51-4C8C-957F-C77B957446DF}.Debug|Any CPU.Build.0 = Debug|Any CPU
		{86469B42-DC51-4C8C-957F-C77B957446DF}.Release|Any CPU.ActiveCfg = Release|Any CPU
		{86469B42-DC51-4C8C-957F-C77B957446DF}.Release|Any CPU.Build.0 = Release|Any CPU
	EndGlobalSection
	GlobalSection(SolutionProperties) = preSolution
		HideSolutionNode = FALSE
	EndGlobalSection
EndGlobal
